// !$*UTF8*$!
{
	archiveVersion = 1;
	classes = {
	};
	objectVersion = 51;
	objects = {

/* Begin PBXBuildFile section */
		28D2CE0113AD55E82FA77B87 /* Pods_restaurantApp.framework in Frameworks */ = {isa = PBXBuildFile; fileRef = 4DBAF60428B766C32802E02B /* Pods_restaurantApp.framework */; };
		E53A88D523B541D300741787 /* RestaurantDetailCollectionViewController.swift in Sources */ = {isa = PBXBuildFile; fileRef = E53A88D423B541D300741787 /* RestaurantDetailCollectionViewController.swift */; };
		E53A88E023B546F200741787 /* MenuBar.swift in Sources */ = {isa = PBXBuildFile; fileRef = E53A88DF23B546F200741787 /* MenuBar.swift */; };
		E53A88E523B59C9E00741787 /* MenuItemCell.swift in Sources */ = {isa = PBXBuildFile; fileRef = E53A88E423B59C9E00741787 /* MenuItemCell.swift */; };
		E53A88E723B5D5C700741787 /* FavouriteRestaurantsTableViewController.swift in Sources */ = {isa = PBXBuildFile; fileRef = E53A88E623B5D5C700741787 /* FavouriteRestaurantsTableViewController.swift */; };
		E573230D23B28BBA001E43D1 /* AppDelegate.swift in Sources */ = {isa = PBXBuildFile; fileRef = E573230C23B28BBA001E43D1 /* AppDelegate.swift */; };
		E573230F23B28BBA001E43D1 /* SceneDelegate.swift in Sources */ = {isa = PBXBuildFile; fileRef = E573230E23B28BBA001E43D1 /* SceneDelegate.swift */; };
		E573231123B28BBA001E43D1 /* ViewController.swift in Sources */ = {isa = PBXBuildFile; fileRef = E573231023B28BBA001E43D1 /* ViewController.swift */; };
		E573231423B28BBA001E43D1 /* Main.storyboard in Resources */ = {isa = PBXBuildFile; fileRef = E573231223B28BBA001E43D1 /* Main.storyboard */; };
		E573231623B28BBB001E43D1 /* Assets.xcassets in Resources */ = {isa = PBXBuildFile; fileRef = E573231523B28BBB001E43D1 /* Assets.xcassets */; };
		E573231923B28BBB001E43D1 /* LaunchScreen.storyboard in Resources */ = {isa = PBXBuildFile; fileRef = E573231723B28BBB001E43D1 /* LaunchScreen.storyboard */; };
		E573232123B28BE6001E43D1 /* GoogleService-Info.plist in Resources */ = {isa = PBXBuildFile; fileRef = E573232023B28BE6001E43D1 /* GoogleService-Info.plist */; };
		E573232723B28D47001E43D1 /* SignUpViewController.swift in Sources */ = {isa = PBXBuildFile; fileRef = E573232623B28D47001E43D1 /* SignUpViewController.swift */; };
		E573232923B28D4F001E43D1 /* LoginViewController.swift in Sources */ = {isa = PBXBuildFile; fileRef = E573232823B28D4F001E43D1 /* LoginViewController.swift */; };
		E573232B23B28E2B001E43D1 /* User.swift in Sources */ = {isa = PBXBuildFile; fileRef = E573232A23B28E2B001E43D1 /* User.swift */; };
		E573232D23B28EC2001E43D1 /* Users.swift in Sources */ = {isa = PBXBuildFile; fileRef = E573232C23B28EC2001E43D1 /* Users.swift */; };
		E573232F23B2953D001E43D1 /* ClientHome.storyboard in Resources */ = {isa = PBXBuildFile; fileRef = E573232E23B2953D001E43D1 /* ClientHome.storyboard */; };
		E573233323B29641001E43D1 /* AdminHome.storyboard in Resources */ = {isa = PBXBuildFile; fileRef = E573233223B29641001E43D1 /* AdminHome.storyboard */; };
		E573233823B29AF5001E43D1 /* ClientTabBarController.swift in Sources */ = {isa = PBXBuildFile; fileRef = E573233723B29AF5001E43D1 /* ClientTabBarController.swift */; };
		E573233E23B29C75001E43D1 /* ProfileViewController.swift in Sources */ = {isa = PBXBuildFile; fileRef = E573233D23B29C75001E43D1 /* ProfileViewController.swift */; };
		E573234023B2A77E001E43D1 /* RestaurantListTableViewController.swift in Sources */ = {isa = PBXBuildFile; fileRef = E573233F23B2A77E001E43D1 /* RestaurantListTableViewController.swift */; };
		E573234223B2ADD4001E43D1 /* RestaurantCell.swift in Sources */ = {isa = PBXBuildFile; fileRef = E573234123B2ADD4001E43D1 /* RestaurantCell.swift */; };
		E573234423B32E61001E43D1 /* Restaurant.swift in Sources */ = {isa = PBXBuildFile; fileRef = E573234323B32E61001E43D1 /* Restaurant.swift */; };
		E573234823B32F82001E43D1 /* Restaurants.swift in Sources */ = {isa = PBXBuildFile; fileRef = E573234723B32F82001E43D1 /* Restaurants.swift */; };
		E573234A23B3C874001E43D1 /* UIViewControllerExtensions.swift in Sources */ = {isa = PBXBuildFile; fileRef = E573234923B3C874001E43D1 /* UIViewControllerExtensions.swift */; };
		E573234D23B3CA50001E43D1 /* GlobalExtensions.swift in Sources */ = {isa = PBXBuildFile; fileRef = E573234C23B3CA50001E43D1 /* GlobalExtensions.swift */; };
		E573234F23B3CB35001E43D1 /* UIImageViewExtensions.swift in Sources */ = {isa = PBXBuildFile; fileRef = E573234E23B3CB35001E43D1 /* UIImageViewExtensions.swift */; };
		E58099DA23B9C61E00F2B62C /* HeaderCollectionReusableView.swift in Sources */ = {isa = PBXBuildFile; fileRef = E58099D923B9C61E00F2B62C /* HeaderCollectionReusableView.swift */; };
		E586948723B92981008125BB /* RestaurantCollectionViewCell.swift in Sources */ = {isa = PBXBuildFile; fileRef = E586948623B92981008125BB /* RestaurantCollectionViewCell.swift */; };
		E58694AD23B9559D008125BB /* Montserrat-Black.otf in Resources */ = {isa = PBXBuildFile; fileRef = E586949A23B95458008125BB /* Montserrat-Black.otf */; };
		E58694AE23B9559D008125BB /* Montserrat-BlackItalic.otf in Resources */ = {isa = PBXBuildFile; fileRef = E58694AA23B9545B008125BB /* Montserrat-BlackItalic.otf */; };
		E58694AF23B9559D008125BB /* Montserrat-Bold.otf in Resources */ = {isa = PBXBuildFile; fileRef = E586948F23B95457008125BB /* Montserrat-Bold.otf */; };
		E58694B023B9559D008125BB /* Montserrat-BoldItalic.otf in Resources */ = {isa = PBXBuildFile; fileRef = E58694A923B9545B008125BB /* Montserrat-BoldItalic.otf */; };
		E58694B123B9559D008125BB /* Montserrat-ExtraBold.otf in Resources */ = {isa = PBXBuildFile; fileRef = E586949323B95457008125BB /* Montserrat-ExtraBold.otf */; };
		E58694B223B9559D008125BB /* Montserrat-ExtraBoldItalic.otf in Resources */ = {isa = PBXBuildFile; fileRef = E586949C23B95459008125BB /* Montserrat-ExtraBoldItalic.otf */; };
		E58694B323B9559D008125BB /* Montserrat-ExtraLight.otf in Resources */ = {isa = PBXBuildFile; fileRef = E58694A323B9545A008125BB /* Montserrat-ExtraLight.otf */; };
		E58694B423B9559D008125BB /* Montserrat-ExtraLightItalic.otf in Resources */ = {isa = PBXBuildFile; fileRef = E586949D23B95459008125BB /* Montserrat-ExtraLightItalic.otf */; };
		E58694B523B9559D008125BB /* Montserrat-Italic.otf in Resources */ = {isa = PBXBuildFile; fileRef = E58694A223B9545A008125BB /* Montserrat-Italic.otf */; };
		E58694B623B9559D008125BB /* Montserrat-Light.otf in Resources */ = {isa = PBXBuildFile; fileRef = E586948C23B95456008125BB /* Montserrat-Light.otf */; };
		E58694B723B9559D008125BB /* Montserrat-LightItalic.otf in Resources */ = {isa = PBXBuildFile; fileRef = E58694A523B9545A008125BB /* Montserrat-LightItalic.otf */; };
		E58694B823B9559D008125BB /* Montserrat-Medium.otf in Resources */ = {isa = PBXBuildFile; fileRef = E586949923B95458008125BB /* Montserrat-Medium.otf */; };
		E58694B923B9559D008125BB /* Montserrat-MediumItalic.otf in Resources */ = {isa = PBXBuildFile; fileRef = E58694AC23B9545B008125BB /* Montserrat-MediumItalic.otf */; };
		E58694BA23B9559D008125BB /* Montserrat-Regular.otf in Resources */ = {isa = PBXBuildFile; fileRef = E586949823B95458008125BB /* Montserrat-Regular.otf */; };
		E58694BB23B9559D008125BB /* Montserrat-SemiBold.otf in Resources */ = {isa = PBXBuildFile; fileRef = E586949623B95458008125BB /* Montserrat-SemiBold.otf */; };
		E58694BC23B9559D008125BB /* Montserrat-SemiBoldItalic.otf in Resources */ = {isa = PBXBuildFile; fileRef = E58694A823B9545B008125BB /* Montserrat-SemiBoldItalic.otf */; };
		E58694BD23B9559D008125BB /* Montserrat-Thin.otf in Resources */ = {isa = PBXBuildFile; fileRef = E586948923B95455008125BB /* Montserrat-Thin.otf */; };
		E58694BE23B9559D008125BB /* Montserrat-ThinItalic.otf in Resources */ = {isa = PBXBuildFile; fileRef = E586949F23B95459008125BB /* Montserrat-ThinItalic.otf */; };
		E58694BF23B9559D008125BB /* MontserratAlternates-Black.otf in Resources */ = {isa = PBXBuildFile; fileRef = E58694A623B9545A008125BB /* MontserratAlternates-Black.otf */; };
		E58694C023B9559D008125BB /* MontserratAlternates-BlackItalic.otf in Resources */ = {isa = PBXBuildFile; fileRef = E58694AB23B9545B008125BB /* MontserratAlternates-BlackItalic.otf */; };
		E58694C123B9559D008125BB /* MontserratAlternates-Bold.otf in Resources */ = {isa = PBXBuildFile; fileRef = E586948A23B95456008125BB /* MontserratAlternates-Bold.otf */; };
		E58694C223B9559D008125BB /* MontserratAlternates-BoldItalic.otf in Resources */ = {isa = PBXBuildFile; fileRef = E586949123B95457008125BB /* MontserratAlternates-BoldItalic.otf */; };
		E58694C323B9559D008125BB /* MontserratAlternates-ExtraBold.otf in Resources */ = {isa = PBXBuildFile; fileRef = E586949B23B95458008125BB /* MontserratAlternates-ExtraBold.otf */; };
		E58694C423B9559D008125BB /* MontserratAlternates-ExtraBoldItalic.otf in Resources */ = {isa = PBXBuildFile; fileRef = E586949223B95457008125BB /* MontserratAlternates-ExtraBoldItalic.otf */; };
		E58694C523B9559D008125BB /* MontserratAlternates-ExtraLight.otf in Resources */ = {isa = PBXBuildFile; fileRef = E586948B23B95456008125BB /* MontserratAlternates-ExtraLight.otf */; };
		E58694C623B9559D008125BB /* MontserratAlternates-ExtraLightItalic.otf in Resources */ = {isa = PBXBuildFile; fileRef = E586948D23B95456008125BB /* MontserratAlternates-ExtraLightItalic.otf */; };
		E58694C723B9559D008125BB /* MontserratAlternates-Italic.otf in Resources */ = {isa = PBXBuildFile; fileRef = E586949423B95457008125BB /* MontserratAlternates-Italic.otf */; };
		E58694C823B9559D008125BB /* MontserratAlternates-Light.otf in Resources */ = {isa = PBXBuildFile; fileRef = E586949523B95457008125BB /* MontserratAlternates-Light.otf */; };
		E58694C923B9559D008125BB /* MontserratAlternates-LightItalic.otf in Resources */ = {isa = PBXBuildFile; fileRef = E586949E23B95459008125BB /* MontserratAlternates-LightItalic.otf */; };
		E58694CA23B9559D008125BB /* MontserratAlternates-Medium.otf in Resources */ = {isa = PBXBuildFile; fileRef = E58694A023B95459008125BB /* MontserratAlternates-Medium.otf */; };
		E58694CB23B9559D008125BB /* MontserratAlternates-MediumItalic.otf in Resources */ = {isa = PBXBuildFile; fileRef = E586949023B95457008125BB /* MontserratAlternates-MediumItalic.otf */; };
		E58694CC23B9559D008125BB /* MontserratAlternates-Regular.otf in Resources */ = {isa = PBXBuildFile; fileRef = E58694A723B9545A008125BB /* MontserratAlternates-Regular.otf */; };
		E58694CD23B9559D008125BB /* MontserratAlternates-SemiBold.otf in Resources */ = {isa = PBXBuildFile; fileRef = E586948E23B95456008125BB /* MontserratAlternates-SemiBold.otf */; };
		E58694CE23B9559D008125BB /* MontserratAlternates-SemiBoldItalic.otf in Resources */ = {isa = PBXBuildFile; fileRef = E58694A123B95459008125BB /* MontserratAlternates-SemiBoldItalic.otf */; };
		E58694CF23B9559D008125BB /* MontserratAlternates-Thin.otf in Resources */ = {isa = PBXBuildFile; fileRef = E58694A423B9545A008125BB /* MontserratAlternates-Thin.otf */; };
		E58694D023B9559D008125BB /* MontserratAlternates-ThinItalic.otf in Resources */ = {isa = PBXBuildFile; fileRef = E586949723B95458008125BB /* MontserratAlternates-ThinItalic.otf */; };
		E58694D323B985B1008125BB /* TableViewHelper.swift in Sources */ = {isa = PBXBuildFile; fileRef = E58694D223B985B1008125BB /* TableViewHelper.swift */; };
/* End PBXBuildFile section */

/* Begin PBXFileReference section */
		0C74CAF86AB0A98C7A785460 /* Pods-restaurantApp.debug.xcconfig */ = {isa = PBXFileReference; includeInIndex = 1; lastKnownFileType = text.xcconfig; name = "Pods-restaurantApp.debug.xcconfig"; path = "Target Support Files/Pods-restaurantApp/Pods-restaurantApp.debug.xcconfig"; sourceTree = "<group>"; };
		4DBAF60428B766C32802E02B /* Pods_restaurantApp.framework */ = {isa = PBXFileReference; explicitFileType = wrapper.framework; includeInIndex = 0; path = Pods_restaurantApp.framework; sourceTree = BUILT_PRODUCTS_DIR; };
		655AA4526FDCD23EDEE39A9A /* Pods-restaurantApp.release.xcconfig */ = {isa = PBXFileReference; includeInIndex = 1; lastKnownFileType = text.xcconfig; name = "Pods-restaurantApp.release.xcconfig"; path = "Target Support Files/Pods-restaurantApp/Pods-restaurantApp.release.xcconfig"; sourceTree = "<group>"; };
		E53A88D423B541D300741787 /* RestaurantDetailCollectionViewController.swift */ = {isa = PBXFileReference; lastKnownFileType = sourcecode.swift; path = RestaurantDetailCollectionViewController.swift; sourceTree = "<group>"; };
		E53A88DF23B546F200741787 /* MenuBar.swift */ = {isa = PBXFileReference; lastKnownFileType = sourcecode.swift; path = MenuBar.swift; sourceTree = "<group>"; };
		E53A88E423B59C9E00741787 /* MenuItemCell.swift */ = {isa = PBXFileReference; lastKnownFileType = sourcecode.swift; path = MenuItemCell.swift; sourceTree = "<group>"; };
		E53A88E623B5D5C700741787 /* FavouriteRestaurantsTableViewController.swift */ = {isa = PBXFileReference; lastKnownFileType = sourcecode.swift; path = FavouriteRestaurantsTableViewController.swift; sourceTree = "<group>"; };
		E573230923B28BBA001E43D1 /* restaurantApp.app */ = {isa = PBXFileReference; explicitFileType = wrapper.application; includeInIndex = 0; path = restaurantApp.app; sourceTree = BUILT_PRODUCTS_DIR; };
		E573230C23B28BBA001E43D1 /* AppDelegate.swift */ = {isa = PBXFileReference; lastKnownFileType = sourcecode.swift; path = AppDelegate.swift; sourceTree = "<group>"; };
		E573230E23B28BBA001E43D1 /* SceneDelegate.swift */ = {isa = PBXFileReference; lastKnownFileType = sourcecode.swift; path = SceneDelegate.swift; sourceTree = "<group>"; };
		E573231023B28BBA001E43D1 /* ViewController.swift */ = {isa = PBXFileReference; lastKnownFileType = sourcecode.swift; path = ViewController.swift; sourceTree = "<group>"; };
		E573231323B28BBA001E43D1 /* Base */ = {isa = PBXFileReference; lastKnownFileType = file.storyboard; name = Base; path = Base.lproj/Main.storyboard; sourceTree = "<group>"; };
		E573231523B28BBB001E43D1 /* Assets.xcassets */ = {isa = PBXFileReference; lastKnownFileType = folder.assetcatalog; path = Assets.xcassets; sourceTree = "<group>"; };
		E573231823B28BBB001E43D1 /* Base */ = {isa = PBXFileReference; lastKnownFileType = file.storyboard; name = Base; path = Base.lproj/LaunchScreen.storyboard; sourceTree = "<group>"; };
		E573231A23B28BBB001E43D1 /* Info.plist */ = {isa = PBXFileReference; lastKnownFileType = text.plist.xml; path = Info.plist; sourceTree = "<group>"; };
		E573232023B28BE6001E43D1 /* GoogleService-Info.plist */ = {isa = PBXFileReference; fileEncoding = 4; lastKnownFileType = text.plist.xml; path = "GoogleService-Info.plist"; sourceTree = "<group>"; };
		E573232623B28D47001E43D1 /* SignUpViewController.swift */ = {isa = PBXFileReference; lastKnownFileType = sourcecode.swift; path = SignUpViewController.swift; sourceTree = "<group>"; };
		E573232823B28D4F001E43D1 /* LoginViewController.swift */ = {isa = PBXFileReference; lastKnownFileType = sourcecode.swift; path = LoginViewController.swift; sourceTree = "<group>"; };
		E573232A23B28E2B001E43D1 /* User.swift */ = {isa = PBXFileReference; lastKnownFileType = sourcecode.swift; path = User.swift; sourceTree = "<group>"; };
		E573232C23B28EC2001E43D1 /* Users.swift */ = {isa = PBXFileReference; lastKnownFileType = sourcecode.swift; path = Users.swift; sourceTree = "<group>"; };
		E573232E23B2953D001E43D1 /* ClientHome.storyboard */ = {isa = PBXFileReference; lastKnownFileType = file.storyboard; path = ClientHome.storyboard; sourceTree = "<group>"; };
		E573233223B29641001E43D1 /* AdminHome.storyboard */ = {isa = PBXFileReference; lastKnownFileType = file.storyboard; path = AdminHome.storyboard; sourceTree = "<group>"; };
		E573233723B29AF5001E43D1 /* ClientTabBarController.swift */ = {isa = PBXFileReference; lastKnownFileType = sourcecode.swift; path = ClientTabBarController.swift; sourceTree = "<group>"; };
		E573233D23B29C75001E43D1 /* ProfileViewController.swift */ = {isa = PBXFileReference; lastKnownFileType = sourcecode.swift; path = ProfileViewController.swift; sourceTree = "<group>"; };
		E573233F23B2A77E001E43D1 /* RestaurantListTableViewController.swift */ = {isa = PBXFileReference; lastKnownFileType = sourcecode.swift; path = RestaurantListTableViewController.swift; sourceTree = "<group>"; };
		E573234123B2ADD4001E43D1 /* RestaurantCell.swift */ = {isa = PBXFileReference; lastKnownFileType = sourcecode.swift; path = RestaurantCell.swift; sourceTree = "<group>"; };
		E573234323B32E61001E43D1 /* Restaurant.swift */ = {isa = PBXFileReference; lastKnownFileType = sourcecode.swift; path = Restaurant.swift; sourceTree = "<group>"; };
		E573234723B32F82001E43D1 /* Restaurants.swift */ = {isa = PBXFileReference; lastKnownFileType = sourcecode.swift; path = Restaurants.swift; sourceTree = "<group>"; };
		E573234923B3C874001E43D1 /* UIViewControllerExtensions.swift */ = {isa = PBXFileReference; lastKnownFileType = sourcecode.swift; path = UIViewControllerExtensions.swift; sourceTree = "<group>"; };
		E573234C23B3CA50001E43D1 /* GlobalExtensions.swift */ = {isa = PBXFileReference; lastKnownFileType = sourcecode.swift; path = GlobalExtensions.swift; sourceTree = "<group>"; };
		E573234E23B3CB35001E43D1 /* UIImageViewExtensions.swift */ = {isa = PBXFileReference; lastKnownFileType = sourcecode.swift; path = UIImageViewExtensions.swift; sourceTree = "<group>"; };
		E58099D923B9C61E00F2B62C /* HeaderCollectionReusableView.swift */ = {isa = PBXFileReference; lastKnownFileType = sourcecode.swift; path = HeaderCollectionReusableView.swift; sourceTree = "<group>"; };
		E586948623B92981008125BB /* RestaurantCollectionViewCell.swift */ = {isa = PBXFileReference; lastKnownFileType = sourcecode.swift; path = RestaurantCollectionViewCell.swift; sourceTree = "<group>"; };
		E586948923B95455008125BB /* Montserrat-Thin.otf */ = {isa = PBXFileReference; lastKnownFileType = file; path = "Montserrat-Thin.otf"; sourceTree = "<group>"; };
		E586948A23B95456008125BB /* MontserratAlternates-Bold.otf */ = {isa = PBXFileReference; lastKnownFileType = file; path = "MontserratAlternates-Bold.otf"; sourceTree = "<group>"; };
		E586948B23B95456008125BB /* MontserratAlternates-ExtraLight.otf */ = {isa = PBXFileReference; lastKnownFileType = file; path = "MontserratAlternates-ExtraLight.otf"; sourceTree = "<group>"; };
		E586948C23B95456008125BB /* Montserrat-Light.otf */ = {isa = PBXFileReference; lastKnownFileType = file; path = "Montserrat-Light.otf"; sourceTree = "<group>"; };
		E586948D23B95456008125BB /* MontserratAlternates-ExtraLightItalic.otf */ = {isa = PBXFileReference; lastKnownFileType = file; path = "MontserratAlternates-ExtraLightItalic.otf"; sourceTree = "<group>"; };
		E586948E23B95456008125BB /* MontserratAlternates-SemiBold.otf */ = {isa = PBXFileReference; lastKnownFileType = file; path = "MontserratAlternates-SemiBold.otf"; sourceTree = "<group>"; };
		E586948F23B95457008125BB /* Montserrat-Bold.otf */ = {isa = PBXFileReference; lastKnownFileType = file; path = "Montserrat-Bold.otf"; sourceTree = "<group>"; };
		E586949023B95457008125BB /* MontserratAlternates-MediumItalic.otf */ = {isa = PBXFileReference; lastKnownFileType = file; path = "MontserratAlternates-MediumItalic.otf"; sourceTree = "<group>"; };
		E586949123B95457008125BB /* MontserratAlternates-BoldItalic.otf */ = {isa = PBXFileReference; lastKnownFileType = file; path = "MontserratAlternates-BoldItalic.otf"; sourceTree = "<group>"; };
		E586949223B95457008125BB /* MontserratAlternates-ExtraBoldItalic.otf */ = {isa = PBXFileReference; lastKnownFileType = file; path = "MontserratAlternates-ExtraBoldItalic.otf"; sourceTree = "<group>"; };
		E586949323B95457008125BB /* Montserrat-ExtraBold.otf */ = {isa = PBXFileReference; lastKnownFileType = file; path = "Montserrat-ExtraBold.otf"; sourceTree = "<group>"; };
		E586949423B95457008125BB /* MontserratAlternates-Italic.otf */ = {isa = PBXFileReference; lastKnownFileType = file; path = "MontserratAlternates-Italic.otf"; sourceTree = "<group>"; };
		E586949523B95457008125BB /* MontserratAlternates-Light.otf */ = {isa = PBXFileReference; lastKnownFileType = file; path = "MontserratAlternates-Light.otf"; sourceTree = "<group>"; };
		E586949623B95458008125BB /* Montserrat-SemiBold.otf */ = {isa = PBXFileReference; lastKnownFileType = file; path = "Montserrat-SemiBold.otf"; sourceTree = "<group>"; };
		E586949723B95458008125BB /* MontserratAlternates-ThinItalic.otf */ = {isa = PBXFileReference; lastKnownFileType = file; path = "MontserratAlternates-ThinItalic.otf"; sourceTree = "<group>"; };
		E586949823B95458008125BB /* Montserrat-Regular.otf */ = {isa = PBXFileReference; lastKnownFileType = file; path = "Montserrat-Regular.otf"; sourceTree = "<group>"; };
		E586949923B95458008125BB /* Montserrat-Medium.otf */ = {isa = PBXFileReference; lastKnownFileType = file; path = "Montserrat-Medium.otf"; sourceTree = "<group>"; };
		E586949A23B95458008125BB /* Montserrat-Black.otf */ = {isa = PBXFileReference; lastKnownFileType = file; path = "Montserrat-Black.otf"; sourceTree = "<group>"; };
		E586949B23B95458008125BB /* MontserratAlternates-ExtraBold.otf */ = {isa = PBXFileReference; lastKnownFileType = file; path = "MontserratAlternates-ExtraBold.otf"; sourceTree = "<group>"; };
		E586949C23B95459008125BB /* Montserrat-ExtraBoldItalic.otf */ = {isa = PBXFileReference; lastKnownFileType = file; path = "Montserrat-ExtraBoldItalic.otf"; sourceTree = "<group>"; };
		E586949D23B95459008125BB /* Montserrat-ExtraLightItalic.otf */ = {isa = PBXFileReference; lastKnownFileType = file; path = "Montserrat-ExtraLightItalic.otf"; sourceTree = "<group>"; };
		E586949E23B95459008125BB /* MontserratAlternates-LightItalic.otf */ = {isa = PBXFileReference; lastKnownFileType = file; path = "MontserratAlternates-LightItalic.otf"; sourceTree = "<group>"; };
		E586949F23B95459008125BB /* Montserrat-ThinItalic.otf */ = {isa = PBXFileReference; lastKnownFileType = file; path = "Montserrat-ThinItalic.otf"; sourceTree = "<group>"; };
		E58694A023B95459008125BB /* MontserratAlternates-Medium.otf */ = {isa = PBXFileReference; lastKnownFileType = file; path = "MontserratAlternates-Medium.otf"; sourceTree = "<group>"; };
		E58694A123B95459008125BB /* MontserratAlternates-SemiBoldItalic.otf */ = {isa = PBXFileReference; lastKnownFileType = file; path = "MontserratAlternates-SemiBoldItalic.otf"; sourceTree = "<group>"; };
		E58694A223B9545A008125BB /* Montserrat-Italic.otf */ = {isa = PBXFileReference; lastKnownFileType = file; path = "Montserrat-Italic.otf"; sourceTree = "<group>"; };
		E58694A323B9545A008125BB /* Montserrat-ExtraLight.otf */ = {isa = PBXFileReference; lastKnownFileType = file; path = "Montserrat-ExtraLight.otf"; sourceTree = "<group>"; };
		E58694A423B9545A008125BB /* MontserratAlternates-Thin.otf */ = {isa = PBXFileReference; lastKnownFileType = file; path = "MontserratAlternates-Thin.otf"; sourceTree = "<group>"; };
		E58694A523B9545A008125BB /* Montserrat-LightItalic.otf */ = {isa = PBXFileReference; lastKnownFileType = file; path = "Montserrat-LightItalic.otf"; sourceTree = "<group>"; };
		E58694A623B9545A008125BB /* MontserratAlternates-Black.otf */ = {isa = PBXFileReference; lastKnownFileType = file; path = "MontserratAlternates-Black.otf"; sourceTree = "<group>"; };
		E58694A723B9545A008125BB /* MontserratAlternates-Regular.otf */ = {isa = PBXFileReference; lastKnownFileType = file; path = "MontserratAlternates-Regular.otf"; sourceTree = "<group>"; };
		E58694A823B9545B008125BB /* Montserrat-SemiBoldItalic.otf */ = {isa = PBXFileReference; lastKnownFileType = file; path = "Montserrat-SemiBoldItalic.otf"; sourceTree = "<group>"; };
		E58694A923B9545B008125BB /* Montserrat-BoldItalic.otf */ = {isa = PBXFileReference; lastKnownFileType = file; path = "Montserrat-BoldItalic.otf"; sourceTree = "<group>"; };
		E58694AA23B9545B008125BB /* Montserrat-BlackItalic.otf */ = {isa = PBXFileReference; lastKnownFileType = file; path = "Montserrat-BlackItalic.otf"; sourceTree = "<group>"; };
		E58694AB23B9545B008125BB /* MontserratAlternates-BlackItalic.otf */ = {isa = PBXFileReference; lastKnownFileType = file; path = "MontserratAlternates-BlackItalic.otf"; sourceTree = "<group>"; };
		E58694AC23B9545B008125BB /* Montserrat-MediumItalic.otf */ = {isa = PBXFileReference; lastKnownFileType = file; path = "Montserrat-MediumItalic.otf"; sourceTree = "<group>"; };
		E58694D223B985B1008125BB /* TableViewHelper.swift */ = {isa = PBXFileReference; lastKnownFileType = sourcecode.swift; path = TableViewHelper.swift; sourceTree = "<group>"; };
/* End PBXFileReference section */

/* Begin PBXFrameworksBuildPhase section */
		E573230623B28BBA001E43D1 /* Frameworks */ = {
			isa = PBXFrameworksBuildPhase;
			buildActionMask = 2147483647;
			files = (
				28D2CE0113AD55E82FA77B87 /* Pods_restaurantApp.framework in Frameworks */,
			);
			runOnlyForDeploymentPostprocessing = 0;
		};
/* End PBXFrameworksBuildPhase section */

/* Begin PBXGroup section */
		4592DCBDC06DF3FB29C75A28 /* Pods */ = {
			isa = PBXGroup;
			children = (
				0C74CAF86AB0A98C7A785460 /* Pods-restaurantApp.debug.xcconfig */,
				655AA4526FDCD23EDEE39A9A /* Pods-restaurantApp.release.xcconfig */,
			);
			path = Pods;
			sourceTree = "<group>";
		};
		DB1AFA1A9790CCD58731B290 /* Frameworks */ = {
			isa = PBXGroup;
			children = (
				4DBAF60428B766C32802E02B /* Pods_restaurantApp.framework */,
			);
			name = Frameworks;
			sourceTree = "<group>";
		};
		E53A88DC23B546B700741787 /* RestaurantList */ = {
			isa = PBXGroup;
			children = (
				E573233F23B2A77E001E43D1 /* RestaurantListTableViewController.swift */,
			);
			path = RestaurantList;
			sourceTree = "<group>";
		};
		E53A88DD23B546CB00741787 /* FavouritesList */ = {
			isa = PBXGroup;
			children = (
				E53A88E623B5D5C700741787 /* FavouriteRestaurantsTableViewController.swift */,
			);
			path = FavouritesList;
			sourceTree = "<group>";
		};
		E53A88DE23B546DD00741787 /* Profile */ = {
			isa = PBXGroup;
			children = (
				E573233D23B29C75001E43D1 /* ProfileViewController.swift */,
			);
			path = Profile;
			sourceTree = "<group>";
		};
		E573230023B28BBA001E43D1 = {
			isa = PBXGroup;
			children = (
				E573230B23B28BBA001E43D1 /* restaurantApp */,
				E573230A23B28BBA001E43D1 /* Products */,
				4592DCBDC06DF3FB29C75A28 /* Pods */,
				DB1AFA1A9790CCD58731B290 /* Frameworks */,
			);
			sourceTree = "<group>";
		};
		E573230A23B28BBA001E43D1 /* Products */ = {
			isa = PBXGroup;
			children = (
				E573230923B28BBA001E43D1 /* restaurantApp.app */,
			);
			name = Products;
			sourceTree = "<group>";
		};
		E573230B23B28BBA001E43D1 /* restaurantApp */ = {
			isa = PBXGroup;
			children = (
				E58694D123B985A6008125BB /* Helpers */,
				E586948823B9543A008125BB /* Fonts */,
				E573232323B28D2C001E43D1 /* Models */,
				E573232423B28D32001E43D1 /* Views */,
				E573232223B28D21001E43D1 /* Controllers */,
				E573230C23B28BBA001E43D1 /* AppDelegate.swift */,
				E573230E23B28BBA001E43D1 /* SceneDelegate.swift */,
				E573231023B28BBA001E43D1 /* ViewController.swift */,
				E573232023B28BE6001E43D1 /* GoogleService-Info.plist */,
				E573231523B28BBB001E43D1 /* Assets.xcassets */,
				E573231723B28BBB001E43D1 /* LaunchScreen.storyboard */,
				E573231A23B28BBB001E43D1 /* Info.plist */,
			);
			path = restaurantApp;
			sourceTree = "<group>";
		};
		E573232223B28D21001E43D1 /* Controllers */ = {
			isa = PBXGroup;
			children = (
				E573234B23B3C8EA001E43D1 /* Extensions */,
				E573233423B29A8A001E43D1 /* Client */,
				E573232523B28D3A001E43D1 /* Auth */,
			);
			path = Controllers;
			sourceTree = "<group>";
		};
		E573232323B28D2C001E43D1 /* Models */ = {
			isa = PBXGroup;
			children = (
				E573234623B32F6E001E43D1 /* Restaurants */,
				E573234523B32F5F001E43D1 /* Users */,
				E573234123B2ADD4001E43D1 /* RestaurantCell.swift */,
				E586948623B92981008125BB /* RestaurantCollectionViewCell.swift */,
			);
			path = Models;
			sourceTree = "<group>";
		};
		E573232423B28D32001E43D1 /* Views */ = {
			isa = PBXGroup;
			children = (
				E5BB8D9023B6691200184A2D /* Auth */,
				E573233123B29556001E43D1 /* Admin */,
				E573233023B2954E001E43D1 /* Client */,
			);
			path = Views;
			sourceTree = "<group>";
		};
		E573232523B28D3A001E43D1 /* Auth */ = {
			isa = PBXGroup;
			children = (
				E573232623B28D47001E43D1 /* SignUpViewController.swift */,
				E573232823B28D4F001E43D1 /* LoginViewController.swift */,
			);
			path = Auth;
			sourceTree = "<group>";
		};
		E573233023B2954E001E43D1 /* Client */ = {
			isa = PBXGroup;
			children = (
				E573232E23B2953D001E43D1 /* ClientHome.storyboard */,
			);
			path = Client;
			sourceTree = "<group>";
		};
		E573233123B29556001E43D1 /* Admin */ = {
			isa = PBXGroup;
			children = (
				E573233223B29641001E43D1 /* AdminHome.storyboard */,
			);
			path = Admin;
			sourceTree = "<group>";
		};
		E573233423B29A8A001E43D1 /* Client */ = {
			isa = PBXGroup;
			children = (
				E5BB8D9223B670DF00184A2D /* TabBar */,
				E5BB8D9123B670C900184A2D /* Menu */,
				E53A88DE23B546DD00741787 /* Profile */,
				E53A88DD23B546CB00741787 /* FavouritesList */,
				E53A88DC23B546B700741787 /* RestaurantList */,
			);
			path = Client;
			sourceTree = "<group>";
		};
		E573234523B32F5F001E43D1 /* Users */ = {
			isa = PBXGroup;
			children = (
				E573232A23B28E2B001E43D1 /* User.swift */,
				E573232C23B28EC2001E43D1 /* Users.swift */,
			);
			path = Users;
			sourceTree = "<group>";
		};
		E573234623B32F6E001E43D1 /* Restaurants */ = {
			isa = PBXGroup;
			children = (
				E573234323B32E61001E43D1 /* Restaurant.swift */,
				E573234723B32F82001E43D1 /* Restaurants.swift */,
			);
			path = Restaurants;
			sourceTree = "<group>";
		};
		E573234B23B3C8EA001E43D1 /* Extensions */ = {
			isa = PBXGroup;
			children = (
				E573234923B3C874001E43D1 /* UIViewControllerExtensions.swift */,
				E573234C23B3CA50001E43D1 /* GlobalExtensions.swift */,
				E573234E23B3CB35001E43D1 /* UIImageViewExtensions.swift */,
			);
			path = Extensions;
			sourceTree = "<group>";
		};
		E586948823B9543A008125BB /* Fonts */ = {
			isa = PBXGroup;
			children = (
				E586949A23B95458008125BB /* Montserrat-Black.otf */,
				E58694AA23B9545B008125BB /* Montserrat-BlackItalic.otf */,
				E586948F23B95457008125BB /* Montserrat-Bold.otf */,
				E58694A923B9545B008125BB /* Montserrat-BoldItalic.otf */,
				E586949323B95457008125BB /* Montserrat-ExtraBold.otf */,
				E586949C23B95459008125BB /* Montserrat-ExtraBoldItalic.otf */,
				E58694A323B9545A008125BB /* Montserrat-ExtraLight.otf */,
				E586949D23B95459008125BB /* Montserrat-ExtraLightItalic.otf */,
				E58694A223B9545A008125BB /* Montserrat-Italic.otf */,
				E586948C23B95456008125BB /* Montserrat-Light.otf */,
				E58694A523B9545A008125BB /* Montserrat-LightItalic.otf */,
				E586949923B95458008125BB /* Montserrat-Medium.otf */,
				E58694AC23B9545B008125BB /* Montserrat-MediumItalic.otf */,
				E586949823B95458008125BB /* Montserrat-Regular.otf */,
				E586949623B95458008125BB /* Montserrat-SemiBold.otf */,
				E58694A823B9545B008125BB /* Montserrat-SemiBoldItalic.otf */,
				E586948923B95455008125BB /* Montserrat-Thin.otf */,
				E586949F23B95459008125BB /* Montserrat-ThinItalic.otf */,
				E58694A623B9545A008125BB /* MontserratAlternates-Black.otf */,
				E58694AB23B9545B008125BB /* MontserratAlternates-BlackItalic.otf */,
				E586948A23B95456008125BB /* MontserratAlternates-Bold.otf */,
				E586949123B95457008125BB /* MontserratAlternates-BoldItalic.otf */,
				E586949B23B95458008125BB /* MontserratAlternates-ExtraBold.otf */,
				E586949223B95457008125BB /* MontserratAlternates-ExtraBoldItalic.otf */,
				E586948B23B95456008125BB /* MontserratAlternates-ExtraLight.otf */,
				E586948D23B95456008125BB /* MontserratAlternates-ExtraLightItalic.otf */,
				E586949423B95457008125BB /* MontserratAlternates-Italic.otf */,
				E586949523B95457008125BB /* MontserratAlternates-Light.otf */,
				E586949E23B95459008125BB /* MontserratAlternates-LightItalic.otf */,
				E58694A023B95459008125BB /* MontserratAlternates-Medium.otf */,
				E586949023B95457008125BB /* MontserratAlternates-MediumItalic.otf */,
				E58694A723B9545A008125BB /* MontserratAlternates-Regular.otf */,
				E586948E23B95456008125BB /* MontserratAlternates-SemiBold.otf */,
				E58694A123B95459008125BB /* MontserratAlternates-SemiBoldItalic.otf */,
				E58694A423B9545A008125BB /* MontserratAlternates-Thin.otf */,
				E586949723B95458008125BB /* MontserratAlternates-ThinItalic.otf */,
			);
			path = Fonts;
			sourceTree = "<group>";
		};
		E58694D123B985A6008125BB /* Helpers */ = {
			isa = PBXGroup;
			children = (
				E58694D223B985B1008125BB /* TableViewHelper.swift */,
			);
			path = Helpers;
			sourceTree = "<group>";
		};
		E5BB8D9023B6691200184A2D /* Auth */ = {
			isa = PBXGroup;
			children = (
				E573231223B28BBA001E43D1 /* Main.storyboard */,
			);
			path = Auth;
			sourceTree = "<group>";
		};
		E5BB8D9123B670C900184A2D /* Menu */ = {
			isa = PBXGroup;
			children = (
				E53A88D423B541D300741787 /* RestaurantDetailCollectionViewController.swift */,
				E53A88E423B59C9E00741787 /* MenuItemCell.swift */,
				E53A88DF23B546F200741787 /* MenuBar.swift */,
				E58099D923B9C61E00F2B62C /* HeaderCollectionReusableView.swift */,
			);
			path = Menu;
			sourceTree = "<group>";
		};
		E5BB8D9223B670DF00184A2D /* TabBar */ = {
			isa = PBXGroup;
			children = (
				E573233723B29AF5001E43D1 /* ClientTabBarController.swift */,
			);
			path = TabBar;
			sourceTree = "<group>";
		};
/* End PBXGroup section */

/* Begin PBXNativeTarget section */
		E573230823B28BBA001E43D1 /* restaurantApp */ = {
			isa = PBXNativeTarget;
			buildConfigurationList = E573231D23B28BBB001E43D1 /* Build configuration list for PBXNativeTarget "restaurantApp" */;
			buildPhases = (
				4C232B77EB36CB0BA361ADC0 /* [CP] Check Pods Manifest.lock */,
				E573230523B28BBA001E43D1 /* Sources */,
				E573230623B28BBA001E43D1 /* Frameworks */,
				E573230723B28BBA001E43D1 /* Resources */,
				9E8532A1F686185824528A57 /* [CP] Embed Pods Frameworks */,
			);
			buildRules = (
			);
			dependencies = (
			);
			name = restaurantApp;
			productName = restaurantApp;
			productReference = E573230923B28BBA001E43D1 /* restaurantApp.app */;
			productType = "com.apple.product-type.application";
		};
/* End PBXNativeTarget section */

/* Begin PBXProject section */
		E573230123B28BBA001E43D1 /* Project object */ = {
			isa = PBXProject;
			attributes = {
				LastSwiftUpdateCheck = 1130;
				LastUpgradeCheck = 1130;
				ORGANIZATIONNAME = "Ali Alobaidi";
				TargetAttributes = {
					E573230823B28BBA001E43D1 = {
						CreatedOnToolsVersion = 11.3;
					};
				};
			};
			buildConfigurationList = E573230423B28BBA001E43D1 /* Build configuration list for PBXProject "restaurantApp" */;
			compatibilityVersion = "Xcode 9.3";
			developmentRegion = en;
			hasScannedForEncodings = 0;
			knownRegions = (
				en,
				Base,
			);
			mainGroup = E573230023B28BBA001E43D1;
			productRefGroup = E573230A23B28BBA001E43D1 /* Products */;
			projectDirPath = "";
			projectRoot = "";
			targets = (
				E573230823B28BBA001E43D1 /* restaurantApp */,
			);
		};
/* End PBXProject section */

/* Begin PBXResourcesBuildPhase section */
		E573230723B28BBA001E43D1 /* Resources */ = {
			isa = PBXResourcesBuildPhase;
			buildActionMask = 2147483647;
			files = (
				E58694AD23B9559D008125BB /* Montserrat-Black.otf in Resources */,
				E58694AE23B9559D008125BB /* Montserrat-BlackItalic.otf in Resources */,
				E58694AF23B9559D008125BB /* Montserrat-Bold.otf in Resources */,
				E58694B023B9559D008125BB /* Montserrat-BoldItalic.otf in Resources */,
				E58694B123B9559D008125BB /* Montserrat-ExtraBold.otf in Resources */,
				E58694B223B9559D008125BB /* Montserrat-ExtraBoldItalic.otf in Resources */,
				E58694B323B9559D008125BB /* Montserrat-ExtraLight.otf in Resources */,
				E58694B423B9559D008125BB /* Montserrat-ExtraLightItalic.otf in Resources */,
				E58694B523B9559D008125BB /* Montserrat-Italic.otf in Resources */,
				E58694B623B9559D008125BB /* Montserrat-Light.otf in Resources */,
				E58694B723B9559D008125BB /* Montserrat-LightItalic.otf in Resources */,
				E58694B823B9559D008125BB /* Montserrat-Medium.otf in Resources */,
				E58694B923B9559D008125BB /* Montserrat-MediumItalic.otf in Resources */,
				E58694BA23B9559D008125BB /* Montserrat-Regular.otf in Resources */,
				E58694BB23B9559D008125BB /* Montserrat-SemiBold.otf in Resources */,
				E58694BC23B9559D008125BB /* Montserrat-SemiBoldItalic.otf in Resources */,
				E58694BD23B9559D008125BB /* Montserrat-Thin.otf in Resources */,
				E58694BE23B9559D008125BB /* Montserrat-ThinItalic.otf in Resources */,
				E58694BF23B9559D008125BB /* MontserratAlternates-Black.otf in Resources */,
				E58694C023B9559D008125BB /* MontserratAlternates-BlackItalic.otf in Resources */,
				E58694C123B9559D008125BB /* MontserratAlternates-Bold.otf in Resources */,
				E58694C223B9559D008125BB /* MontserratAlternates-BoldItalic.otf in Resources */,
				E58694C323B9559D008125BB /* MontserratAlternates-ExtraBold.otf in Resources */,
				E58694C423B9559D008125BB /* MontserratAlternates-ExtraBoldItalic.otf in Resources */,
				E58694C523B9559D008125BB /* MontserratAlternates-ExtraLight.otf in Resources */,
				E58694C623B9559D008125BB /* MontserratAlternates-ExtraLightItalic.otf in Resources */,
				E58694C723B9559D008125BB /* MontserratAlternates-Italic.otf in Resources */,
				E58694C823B9559D008125BB /* MontserratAlternates-Light.otf in Resources */,
				E58694C923B9559D008125BB /* MontserratAlternates-LightItalic.otf in Resources */,
				E58694CA23B9559D008125BB /* MontserratAlternates-Medium.otf in Resources */,
				E58694CB23B9559D008125BB /* MontserratAlternates-MediumItalic.otf in Resources */,
				E58694CC23B9559D008125BB /* MontserratAlternates-Regular.otf in Resources */,
				E58694CD23B9559D008125BB /* MontserratAlternates-SemiBold.otf in Resources */,
				E58694CE23B9559D008125BB /* MontserratAlternates-SemiBoldItalic.otf in Resources */,
				E58694CF23B9559D008125BB /* MontserratAlternates-Thin.otf in Resources */,
				E58694D023B9559D008125BB /* MontserratAlternates-ThinItalic.otf in Resources */,
				E573231923B28BBB001E43D1 /* LaunchScreen.storyboard in Resources */,
				E573232123B28BE6001E43D1 /* GoogleService-Info.plist in Resources */,
				E573231623B28BBB001E43D1 /* Assets.xcassets in Resources */,
				E573233323B29641001E43D1 /* AdminHome.storyboard in Resources */,
				E573231423B28BBA001E43D1 /* Main.storyboard in Resources */,
				E573232F23B2953D001E43D1 /* ClientHome.storyboard in Resources */,
			);
			runOnlyForDeploymentPostprocessing = 0;
		};
/* End PBXResourcesBuildPhase section */

/* Begin PBXShellScriptBuildPhase section */
		4C232B77EB36CB0BA361ADC0 /* [CP] Check Pods Manifest.lock */ = {
			isa = PBXShellScriptBuildPhase;
			buildActionMask = 2147483647;
			files = (
			);
			inputFileListPaths = (
			);
			inputPaths = (
				"${PODS_PODFILE_DIR_PATH}/Podfile.lock",
				"${PODS_ROOT}/Manifest.lock",
			);
			name = "[CP] Check Pods Manifest.lock";
			outputFileListPaths = (
			);
			outputPaths = (
				"$(DERIVED_FILE_DIR)/Pods-restaurantApp-checkManifestLockResult.txt",
			);
			runOnlyForDeploymentPostprocessing = 0;
			shellPath = /bin/sh;
			shellScript = "diff \"${PODS_PODFILE_DIR_PATH}/Podfile.lock\" \"${PODS_ROOT}/Manifest.lock\" > /dev/null\nif [ $? != 0 ] ; then\n    # print error to STDERR\n    echo \"error: The sandbox is not in sync with the Podfile.lock. Run 'pod install' or update your CocoaPods installation.\" >&2\n    exit 1\nfi\n# This output is used by Xcode 'outputs' to avoid re-running this script phase.\necho \"SUCCESS\" > \"${SCRIPT_OUTPUT_FILE_0}\"\n";
			showEnvVarsInLog = 0;
		};
		9E8532A1F686185824528A57 /* [CP] Embed Pods Frameworks */ = {
			isa = PBXShellScriptBuildPhase;
			buildActionMask = 2147483647;
			files = (
			);
			inputFileListPaths = (
				"${PODS_ROOT}/Target Support Files/Pods-restaurantApp/Pods-restaurantApp-frameworks-${CONFIGURATION}-input-files.xcfilelist",
			);
			name = "[CP] Embed Pods Frameworks";
			outputFileListPaths = (
				"${PODS_ROOT}/Target Support Files/Pods-restaurantApp/Pods-restaurantApp-frameworks-${CONFIGURATION}-output-files.xcfilelist",
			);
			runOnlyForDeploymentPostprocessing = 0;
			shellPath = /bin/sh;
			shellScript = "\"${PODS_ROOT}/Target Support Files/Pods-restaurantApp/Pods-restaurantApp-frameworks.sh\"\n";
			showEnvVarsInLog = 0;
		};
/* End PBXShellScriptBuildPhase section */

/* Begin PBXSourcesBuildPhase section */
		E573230523B28BBA001E43D1 /* Sources */ = {
			isa = PBXSourcesBuildPhase;
			buildActionMask = 2147483647;
			files = (
				E573234423B32E61001E43D1 /* Restaurant.swift in Sources */,
				E573234023B2A77E001E43D1 /* RestaurantListTableViewController.swift in Sources */,
				E573231123B28BBA001E43D1 /* ViewController.swift in Sources */,
				E573232B23B28E2B001E43D1 /* User.swift in Sources */,
				E573230D23B28BBA001E43D1 /* AppDelegate.swift in Sources */,
				E58099DA23B9C61E00F2B62C /* HeaderCollectionReusableView.swift in Sources */,
				E573232723B28D47001E43D1 /* SignUpViewController.swift in Sources */,
				E573234823B32F82001E43D1 /* Restaurants.swift in Sources */,
				E573232923B28D4F001E43D1 /* LoginViewController.swift in Sources */,
				E573234D23B3CA50001E43D1 /* GlobalExtensions.swift in Sources */,
				E573233E23B29C75001E43D1 /* ProfileViewController.swift in Sources */,
				E573230F23B28BBA001E43D1 /* SceneDelegate.swift in Sources */,
				E58694D323B985B1008125BB /* TableViewHelper.swift in Sources */,
				E573234A23B3C874001E43D1 /* UIViewControllerExtensions.swift in Sources */,
				E53A88E023B546F200741787 /* MenuBar.swift in Sources */,
				E573233823B29AF5001E43D1 /* ClientTabBarController.swift in Sources */,
				E573234223B2ADD4001E43D1 /* RestaurantCell.swift in Sources */,
				E573234F23B3CB35001E43D1 /* UIImageViewExtensions.swift in Sources */,
				E53A88E723B5D5C700741787 /* FavouriteRestaurantsTableViewController.swift in Sources */,
				E53A88E523B59C9E00741787 /* MenuItemCell.swift in Sources */,
				E586948723B92981008125BB /* RestaurantCollectionViewCell.swift in Sources */,
				E53A88D523B541D300741787 /* RestaurantDetailCollectionViewController.swift in Sources */,
				E573232D23B28EC2001E43D1 /* Users.swift in Sources */,
			);
			runOnlyForDeploymentPostprocessing = 0;
		};
/* End PBXSourcesBuildPhase section */

/* Begin PBXVariantGroup section */
		E573231223B28BBA001E43D1 /* Main.storyboard */ = {
			isa = PBXVariantGroup;
			children = (
				E573231323B28BBA001E43D1 /* Base */,
			);
			name = Main.storyboard;
			sourceTree = "<group>";
		};
		E573231723B28BBB001E43D1 /* LaunchScreen.storyboard */ = {
			isa = PBXVariantGroup;
			children = (
				E573231823B28BBB001E43D1 /* Base */,
			);
			name = LaunchScreen.storyboard;
			sourceTree = "<group>";
		};
/* End PBXVariantGroup section */

/* Begin XCBuildConfiguration section */
		E573231B23B28BBB001E43D1 /* Debug */ = {
			isa = XCBuildConfiguration;
			buildSettings = {
				ALWAYS_SEARCH_USER_PATHS = NO;
				CLANG_ANALYZER_NONNULL = YES;
				CLANG_ANALYZER_NUMBER_OBJECT_CONVERSION = YES_AGGRESSIVE;
				CLANG_CXX_LANGUAGE_STANDARD = "gnu++14";
				CLANG_CXX_LIBRARY = "libc++";
				CLANG_ENABLE_MODULES = YES;
				CLANG_ENABLE_OBJC_ARC = YES;
				CLANG_ENABLE_OBJC_WEAK = YES;
				CLANG_WARN_BLOCK_CAPTURE_AUTORELEASING = YES;
				CLANG_WARN_BOOL_CONVERSION = YES;
				CLANG_WARN_COMMA = YES;
				CLANG_WARN_CONSTANT_CONVERSION = YES;
				CLANG_WARN_DEPRECATED_OBJC_IMPLEMENTATIONS = YES;
				CLANG_WARN_DIRECT_OBJC_ISA_USAGE = YES_ERROR;
				CLANG_WARN_DOCUMENTATION_COMMENTS = YES;
				CLANG_WARN_EMPTY_BODY = YES;
				CLANG_WARN_ENUM_CONVERSION = YES;
				CLANG_WARN_INFINITE_RECURSION = YES;
				CLANG_WARN_INT_CONVERSION = YES;
				CLANG_WARN_NON_LITERAL_NULL_CONVERSION = YES;
				CLANG_WARN_OBJC_IMPLICIT_RETAIN_SELF = YES;
				CLANG_WARN_OBJC_LITERAL_CONVERSION = YES;
				CLANG_WARN_OBJC_ROOT_CLASS = YES_ERROR;
				CLANG_WARN_RANGE_LOOP_ANALYSIS = YES;
				CLANG_WARN_STRICT_PROTOTYPES = YES;
				CLANG_WARN_SUSPICIOUS_MOVE = YES;
				CLANG_WARN_UNGUARDED_AVAILABILITY = YES_AGGRESSIVE;
				CLANG_WARN_UNREACHABLE_CODE = YES;
				CLANG_WARN__DUPLICATE_METHOD_MATCH = YES;
				COPY_PHASE_STRIP = NO;
				DEBUG_INFORMATION_FORMAT = dwarf;
				ENABLE_STRICT_OBJC_MSGSEND = YES;
				ENABLE_TESTABILITY = YES;
				GCC_C_LANGUAGE_STANDARD = gnu11;
				GCC_DYNAMIC_NO_PIC = NO;
				GCC_NO_COMMON_BLOCKS = YES;
				GCC_OPTIMIZATION_LEVEL = 0;
				GCC_PREPROCESSOR_DEFINITIONS = (
					"DEBUG=1",
					"$(inherited)",
				);
				GCC_WARN_64_TO_32_BIT_CONVERSION = YES;
				GCC_WARN_ABOUT_RETURN_TYPE = YES_ERROR;
				GCC_WARN_UNDECLARED_SELECTOR = YES;
				GCC_WARN_UNINITIALIZED_AUTOS = YES_AGGRESSIVE;
				GCC_WARN_UNUSED_FUNCTION = YES;
				GCC_WARN_UNUSED_VARIABLE = YES;
				IPHONEOS_DEPLOYMENT_TARGET = 13.2;
				MTL_ENABLE_DEBUG_INFO = INCLUDE_SOURCE;
				MTL_FAST_MATH = YES;
				ONLY_ACTIVE_ARCH = YES;
				SDKROOT = iphoneos;
				SWIFT_ACTIVE_COMPILATION_CONDITIONS = DEBUG;
				SWIFT_OPTIMIZATION_LEVEL = "-Onone";
			};
			name = Debug;
		};
		E573231C23B28BBB001E43D1 /* Release */ = {
			isa = XCBuildConfiguration;
			buildSettings = {
				ALWAYS_SEARCH_USER_PATHS = NO;
				CLANG_ANALYZER_NONNULL = YES;
				CLANG_ANALYZER_NUMBER_OBJECT_CONVERSION = YES_AGGRESSIVE;
				CLANG_CXX_LANGUAGE_STANDARD = "gnu++14";
				CLANG_CXX_LIBRARY = "libc++";
				CLANG_ENABLE_MODULES = YES;
				CLANG_ENABLE_OBJC_ARC = YES;
				CLANG_ENABLE_OBJC_WEAK = YES;
				CLANG_WARN_BLOCK_CAPTURE_AUTORELEASING = YES;
				CLANG_WARN_BOOL_CONVERSION = YES;
				CLANG_WARN_COMMA = YES;
				CLANG_WARN_CONSTANT_CONVERSION = YES;
				CLANG_WARN_DEPRECATED_OBJC_IMPLEMENTATIONS = YES;
				CLANG_WARN_DIRECT_OBJC_ISA_USAGE = YES_ERROR;
				CLANG_WARN_DOCUMENTATION_COMMENTS = YES;
				CLANG_WARN_EMPTY_BODY = YES;
				CLANG_WARN_ENUM_CONVERSION = YES;
				CLANG_WARN_INFINITE_RECURSION = YES;
				CLANG_WARN_INT_CONVERSION = YES;
				CLANG_WARN_NON_LITERAL_NULL_CONVERSION = YES;
				CLANG_WARN_OBJC_IMPLICIT_RETAIN_SELF = YES;
				CLANG_WARN_OBJC_LITERAL_CONVERSION = YES;
				CLANG_WARN_OBJC_ROOT_CLASS = YES_ERROR;
				CLANG_WARN_RANGE_LOOP_ANALYSIS = YES;
				CLANG_WARN_STRICT_PROTOTYPES = YES;
				CLANG_WARN_SUSPICIOUS_MOVE = YES;
				CLANG_WARN_UNGUARDED_AVAILABILITY = YES_AGGRESSIVE;
				CLANG_WARN_UNREACHABLE_CODE = YES;
				CLANG_WARN__DUPLICATE_METHOD_MATCH = YES;
				COPY_PHASE_STRIP = NO;
				DEBUG_INFORMATION_FORMAT = "dwarf-with-dsym";
				ENABLE_NS_ASSERTIONS = NO;
				ENABLE_STRICT_OBJC_MSGSEND = YES;
				GCC_C_LANGUAGE_STANDARD = gnu11;
				GCC_NO_COMMON_BLOCKS = YES;
				GCC_WARN_64_TO_32_BIT_CONVERSION = YES;
				GCC_WARN_ABOUT_RETURN_TYPE = YES_ERROR;
				GCC_WARN_UNDECLARED_SELECTOR = YES;
				GCC_WARN_UNINITIALIZED_AUTOS = YES_AGGRESSIVE;
				GCC_WARN_UNUSED_FUNCTION = YES;
				GCC_WARN_UNUSED_VARIABLE = YES;
				IPHONEOS_DEPLOYMENT_TARGET = 13.2;
				MTL_ENABLE_DEBUG_INFO = NO;
				MTL_FAST_MATH = YES;
				SDKROOT = iphoneos;
				SWIFT_COMPILATION_MODE = wholemodule;
				SWIFT_OPTIMIZATION_LEVEL = "-O";
				VALIDATE_PRODUCT = YES;
			};
			name = Release;
		};
		E573231E23B28BBB001E43D1 /* Debug */ = {
			isa = XCBuildConfiguration;
			baseConfigurationReference = 0C74CAF86AB0A98C7A785460 /* Pods-restaurantApp.debug.xcconfig */;
			buildSettings = {
				ASSETCATALOG_COMPILER_APPICON_NAME = AppIcon;
				CODE_SIGN_STYLE = Automatic;
				DEVELOPMENT_TEAM = X9J72RLVFW;
				INFOPLIST_FILE = restaurantApp/Info.plist;
				LD_RUNPATH_SEARCH_PATHS = (
					"$(inherited)",
					"@executable_path/Frameworks",
				);
				PRODUCT_BUNDLE_IDENTIFIER = alobaidiComitee.restaurantApp;
				PRODUCT_NAME = "$(TARGET_NAME)";
				SWIFT_VERSION = 5.0;
				TARGETED_DEVICE_FAMILY = "1,2";
			};
			name = Debug;
		};
		E573231F23B28BBB001E43D1 /* Release */ = {
			isa = XCBuildConfiguration;
			baseConfigurationReference = 655AA4526FDCD23EDEE39A9A /* Pods-restaurantApp.release.xcconfig */;
			buildSettings = {
				ASSETCATALOG_COMPILER_APPICON_NAME = AppIcon;
				CODE_SIGN_STYLE = Automatic;
				DEVELOPMENT_TEAM = X9J72RLVFW;
				INFOPLIST_FILE = restaurantApp/Info.plist;
				LD_RUNPATH_SEARCH_PATHS = (
					"$(inherited)",
					"@executable_path/Frameworks",
				);
				PRODUCT_BUNDLE_IDENTIFIER = alobaidiComitee.restaurantApp;
				PRODUCT_NAME = "$(TARGET_NAME)";
				SWIFT_VERSION = 5.0;
				TARGETED_DEVICE_FAMILY = "1,2";
			};
			name = Release;
		};
/* End XCBuildConfiguration section */

/* Begin XCConfigurationList section */
		E573230423B28BBA001E43D1 /* Build configuration list for PBXProject "restaurantApp" */ = {
			isa = XCConfigurationList;
			buildConfigurations = (
				E573231B23B28BBB001E43D1 /* Debug */,
				E573231C23B28BBB001E43D1 /* Release */,
			);
			defaultConfigurationIsVisible = 0;
			defaultConfigurationName = Release;
		};
		E573231D23B28BBB001E43D1 /* Build configuration list for PBXNativeTarget "restaurantApp" */ = {
			isa = XCConfigurationList;
			buildConfigurations = (
				E573231E23B28BBB001E43D1 /* Debug */,
				E573231F23B28BBB001E43D1 /* Release */,
			);
			defaultConfigurationIsVisible = 0;
			defaultConfigurationName = Release;
		};
/* End XCConfigurationList section */
	};
	rootObject = E573230123B28BBA001E43D1 /* Project object */;
}
